
Microsoft Visual Studio Solution File, Format Version 12.00
# Visual Studio Version 17
VisualStudioVersion = 17.3.32922.545
MinimumVisualStudioVersion = 10.0.40219.1
Project("{FAE04EC0-301F-11D3-BF4B-00C04F79EFBC}") = "Ejercicio6", "Ejercicio6\Ejercicio6.csproj", "{5093B992-EF30-4707-963A-E9D1FC25FB9E}"
EndProject
Global
	GlobalSection(SolutionConfigurationPlatforms) = preSolution
		Debug|Any CPU = Debug|Any CPU
		Release|Any CPU = Release|Any CPU
	EndGlobalSection
	GlobalSection(ProjectConfigurationPlatforms) = postSolution
		{5093B992-EF30-4707-963A-E9D1FC25FB9E}.Debug|Any CPU.ActiveCfg = Debug|Any CPU
		{5093B992-EF30-4707-963A-E9D1FC25FB9E}.Debug|Any CPU.Build.0 = Debug|Any CPU
		{5093B992-EF30-4707-963A-E9D1FC25FB9E}.Release|Any CPU.ActiveCfg = Release|Any CPU
		{5093B992-EF30-4707-963A-E9D1FC25FB9E}.Release|Any CPU.Build.0 = Release|Any CPU
	EndGlobalSection
	GlobalSection(SolutionProperties) = preSolution
		HideSolutionNode = FALSE
	EndGlobalSection
	GlobalSection(ExtensibilityGlobals) = postSolution
		SolutionGuid = {8F6288F3-DABE-4A69-B193-6D4CEC21871B}
	EndGlobalSection
EndGlobal
