
Microsoft Visual Studio Solution File, Format Version 12.00
# Visual Studio Version 17
VisualStudioVersion = 17.3.32901.215
MinimumVisualStudioVersion = 10.0.40219.1
Project("{FAE04EC0-301F-11D3-BF4B-00C04F79EFBC}") = "Ejemplo1", "Ejemplo1\Ejemplo1.csproj", "{6B3D759B-7984-4986-A427-2DE4A23D2B26}"
EndProject
Project("{FAE04EC0-301F-11D3-BF4B-00C04F79EFBC}") = "Ejemplo2", "Ejemplo2\Ejemplo2.csproj", "{57080B25-C435-4089-85BF-D443D26873A4}"
EndProject
Project("{FAE04EC0-301F-11D3-BF4B-00C04F79EFBC}") = "Ejemplo 3", "Ejemplo 3\Ejemplo 3.csproj", "{9950E0C1-D627-4950-9411-119DFC62279C}"
EndProject
Global
	GlobalSection(SolutionConfigurationPlatforms) = preSolution
		Debug|Any CPU = Debug|Any CPU
		Release|Any CPU = Release|Any CPU
	EndGlobalSection
	GlobalSection(ProjectConfigurationPlatforms) = postSolution
		{6B3D759B-7984-4986-A427-2DE4A23D2B26}.Debug|Any CPU.ActiveCfg = Debug|Any CPU
		{6B3D759B-7984-4986-A427-2DE4A23D2B26}.Debug|Any CPU.Build.0 = Debug|Any CPU
		{6B3D759B-7984-4986-A427-2DE4A23D2B26}.Release|Any CPU.ActiveCfg = Release|Any CPU
		{6B3D759B-7984-4986-A427-2DE4A23D2B26}.Release|Any CPU.Build.0 = Release|Any CPU
		{57080B25-C435-4089-85BF-D443D26873A4}.Debug|Any CPU.ActiveCfg = Debug|Any CPU
		{57080B25-C435-4089-85BF-D443D26873A4}.Debug|Any CPU.Build.0 = Debug|Any CPU
		{57080B25-C435-4089-85BF-D443D26873A4}.Release|Any CPU.ActiveCfg = Release|Any CPU
		{57080B25-C435-4089-85BF-D443D26873A4}.Release|Any CPU.Build.0 = Release|Any CPU
		{9950E0C1-D627-4950-9411-119DFC62279C}.Debug|Any CPU.ActiveCfg = Debug|Any CPU
		{9950E0C1-D627-4950-9411-119DFC62279C}.Debug|Any CPU.Build.0 = Debug|Any CPU
		{9950E0C1-D627-4950-9411-119DFC62279C}.Release|Any CPU.ActiveCfg = Release|Any CPU
		{9950E0C1-D627-4950-9411-119DFC62279C}.Release|Any CPU.Build.0 = Release|Any CPU
	EndGlobalSection
	GlobalSection(SolutionProperties) = preSolution
		HideSolutionNode = FALSE
	EndGlobalSection
	GlobalSection(ExtensibilityGlobals) = postSolution
		SolutionGuid = {548954BF-5DD7-4F0B-B1AC-D1C17930544B}
	EndGlobalSection
EndGlobal
