
Microsoft Visual Studio Solution File, Format Version 12.00
# Visual Studio Version 17
VisualStudioVersion = 17.3.32922.545
MinimumVisualStudioVersion = 10.0.40219.1
Project("{FAE04EC0-301F-11D3-BF4B-00C04F79EFBC}") = "Coches", "Coches\Coches.csproj", "{57CB03B3-B7D2-467D-BAD2-B05DC7DF99A0}"
EndProject
Global
	GlobalSection(SolutionConfigurationPlatforms) = preSolution
		Debug|Any CPU = Debug|Any CPU
		Release|Any CPU = Release|Any CPU
	EndGlobalSection
	GlobalSection(ProjectConfigurationPlatforms) = postSolution
		{57CB03B3-B7D2-467D-BAD2-B05DC7DF99A0}.Debug|Any CPU.ActiveCfg = Debug|Any CPU
		{57CB03B3-B7D2-467D-BAD2-B05DC7DF99A0}.Debug|Any CPU.Build.0 = Debug|Any CPU
		{57CB03B3-B7D2-467D-BAD2-B05DC7DF99A0}.Release|Any CPU.ActiveCfg = Release|Any CPU
		{57CB03B3-B7D2-467D-BAD2-B05DC7DF99A0}.Release|Any CPU.Build.0 = Release|Any CPU
	EndGlobalSection
	GlobalSection(SolutionProperties) = preSolution
		HideSolutionNode = FALSE
	EndGlobalSection
	GlobalSection(ExtensibilityGlobals) = postSolution
		SolutionGuid = {2AAB6BA4-0735-47E9-85DC-FC51C2CC6D8E}
	EndGlobalSection
EndGlobal
